<?xml version="1.0" encoding="utf-8"?>
<Project ToolsVersion="4.0" xmlns="http://schemas.microsoft.com/developer/msbuild/2003">
  <ItemGroup>
    <Text Include="Version History.txt" />
    <Text Include="ReadMe.txt">
      <Filter>Other</Filter>
    </Text>
  </ItemGroup>
  <ItemGroup>
    <ClInclude Include="stdafx.h">
      <Filter>Other</Filter>
    </ClInclude>
    <ClInclude Include="targetver.h">
      <Filter>Other</Filter>
    </ClInclude>
  </ItemGroup>
  <ItemGroup>
    <ClCompile Include="Bomberman-GL.cpp">
      <Filter>Bomberman</Filter>
    </ClCompile>
    <ClCompile Include="stdafx.cpp">
      <Filter>Other</Filter>
    </ClCompile>
  </ItemGroup>
  <ItemGroup>
    <Filter Include="Other">
      <UniqueIdentifier>{b89a98a5-5ebd-4baa-91a7-e85ed37d943b}</UniqueIdentifier>
    </Filter>
    <Filter Include="Bomberman">
      <UniqueIdentifier>{1cce5c4c-c535-4c47-9ec6-7d54563dd9f8}</UniqueIdentifier>
    </Filter>
  </ItemGroup>
</Project>